// !$*UTF8*$!
{
	archiveVersion = 1;
	classes = {
	};
	objectVersion = 50;
	objects = {

/* Begin PBXBuildFile section */
		72753A3B25A0B5410078E327 /* AppDelegate.swift in Sources */ = {isa = PBXBuildFile; fileRef = 72753A3A25A0B5410078E327 /* AppDelegate.swift */; };
		72753A3D25A0B5410078E327 /* SceneDelegate.swift in Sources */ = {isa = PBXBuildFile; fileRef = 72753A3C25A0B5410078E327 /* SceneDelegate.swift */; };
		72753A3F25A0B5410078E327 /* MemeEditorViewController.swift in Sources */ = {isa = PBXBuildFile; fileRef = 72753A3E25A0B5410078E327 /* MemeEditorViewController.swift */; };
		72753A4225A0B5420078E327 /* Main.storyboard in Resources */ = {isa = PBXBuildFile; fileRef = 72753A4025A0B5420078E327 /* Main.storyboard */; };
		72753A4425A0B55F0078E327 /* Assets.xcassets in Resources */ = {isa = PBXBuildFile; fileRef = 72753A4325A0B55F0078E327 /* Assets.xcassets */; };
		72753A4725A0B55F0078E327 /* LaunchScreen.storyboard in Resources */ = {isa = PBXBuildFile; fileRef = 72753A4525A0B55F0078E327 /* LaunchScreen.storyboard */; };
		72753A5025A1F9000078E327 /* Meme.swift in Sources */ = {isa = PBXBuildFile; fileRef = 72753A4F25A1F8FF0078E327 /* Meme.swift */; };
		72753A5325A1FAEE0078E327 /* textFieldsDelegate.swift in Sources */ = {isa = PBXBuildFile; fileRef = 72753A5225A1FAEE0078E327 /* textFieldsDelegate.swift */; };
		72753A8625A4B6E50078E327 /* TableViewController.swift in Sources */ = {isa = PBXBuildFile; fileRef = 72753A8525A4B6E50078E327 /* TableViewController.swift */; };
		72753A8925A4B7080078E327 /* CollectionViewController.swift in Sources */ = {isa = PBXBuildFile; fileRef = 72753A8825A4B7080078E327 /* CollectionViewController.swift */; };
		72753A8D25A5CAD60078E327 /* tableViewCell.swift in Sources */ = {isa = PBXBuildFile; fileRef = 72753A8C25A5CAD60078E327 /* tableViewCell.swift */; };
		72753A9025A5EB9D0078E327 /* CollectionViewCell.swift in Sources */ = {isa = PBXBuildFile; fileRef = 72753A8F25A5EB9D0078E327 /* CollectionViewCell.swift */; };
		72753A9425A60E130078E327 /* MemeDetailViewController.swift in Sources */ = {isa = PBXBuildFile; fileRef = 72753A9325A60E130078E327 /* MemeDetailViewController.swift */; };
		72CCAA9425A68C9500F32BF6 /* BaseViewController.swift in Sources */ = {isa = PBXBuildFile; fileRef = 72CCAA9325A68C9500F32BF6 /* BaseViewController.swift */; };
/* End PBXBuildFile section */

/* Begin PBXFileReference section */
		72753A3725A0B5410078E327 /* MemeMe.app */ = {isa = PBXFileReference; explicitFileType = wrapper.application; includeInIndex = 0; path = MemeMe.app; sourceTree = BUILT_PRODUCTS_DIR; };
		72753A3A25A0B5410078E327 /* AppDelegate.swift */ = {isa = PBXFileReference; lastKnownFileType = sourcecode.swift; path = AppDelegate.swift; sourceTree = "<group>"; };
		72753A3C25A0B5410078E327 /* SceneDelegate.swift */ = {isa = PBXFileReference; lastKnownFileType = sourcecode.swift; path = SceneDelegate.swift; sourceTree = "<group>"; };
		72753A3E25A0B5410078E327 /* MemeEditorViewController.swift */ = {isa = PBXFileReference; lastKnownFileType = sourcecode.swift; path = MemeEditorViewController.swift; sourceTree = "<group>"; };
		72753A4125A0B5420078E327 /* Base */ = {isa = PBXFileReference; lastKnownFileType = file.storyboard; name = Base; path = Base.lproj/Main.storyboard; sourceTree = "<group>"; };
		72753A4325A0B55F0078E327 /* Assets.xcassets */ = {isa = PBXFileReference; lastKnownFileType = folder.assetcatalog; path = Assets.xcassets; sourceTree = "<group>"; };
		72753A4625A0B55F0078E327 /* Base */ = {isa = PBXFileReference; lastKnownFileType = file.storyboard; name = Base; path = Base.lproj/LaunchScreen.storyboard; sourceTree = "<group>"; };
		72753A4825A0B55F0078E327 /* Info.plist */ = {isa = PBXFileReference; lastKnownFileType = text.plist.xml; path = Info.plist; sourceTree = "<group>"; };
		72753A4F25A1F8FF0078E327 /* Meme.swift */ = {isa = PBXFileReference; lastKnownFileType = sourcecode.swift; path = Meme.swift; sourceTree = "<group>"; };
		72753A5225A1FAEE0078E327 /* textFieldsDelegate.swift */ = {isa = PBXFileReference; lastKnownFileType = sourcecode.swift; path = textFieldsDelegate.swift; sourceTree = "<group>"; };
		72753A8525A4B6E50078E327 /* TableViewController.swift */ = {isa = PBXFileReference; lastKnownFileType = sourcecode.swift; path = TableViewController.swift; sourceTree = "<group>"; };
		72753A8825A4B7080078E327 /* CollectionViewController.swift */ = {isa = PBXFileReference; lastKnownFileType = sourcecode.swift; path = CollectionViewController.swift; sourceTree = "<group>"; };
		72753A8C25A5CAD60078E327 /* tableViewCell.swift */ = {isa = PBXFileReference; lastKnownFileType = sourcecode.swift; path = tableViewCell.swift; sourceTree = "<group>"; };
		72753A8F25A5EB9D0078E327 /* CollectionViewCell.swift */ = {isa = PBXFileReference; lastKnownFileType = sourcecode.swift; path = CollectionViewCell.swift; sourceTree = "<group>"; };
		72753A9325A60E130078E327 /* MemeDetailViewController.swift */ = {isa = PBXFileReference; lastKnownFileType = sourcecode.swift; path = MemeDetailViewController.swift; sourceTree = "<group>"; };
		72CCAA9325A68C9500F32BF6 /* BaseViewController.swift */ = {isa = PBXFileReference; lastKnownFileType = sourcecode.swift; path = BaseViewController.swift; sourceTree = "<group>"; };
/* End PBXFileReference section */

/* Begin PBXFrameworksBuildPhase section */
		72753A3425A0B5410078E327 /* Frameworks */ = {
			isa = PBXFrameworksBuildPhase;
			buildActionMask = 2147483647;
			files = (
			);
			runOnlyForDeploymentPostprocessing = 0;
		};
/* End PBXFrameworksBuildPhase section */

/* Begin PBXGroup section */
		72753A2E25A0B5410078E327 = {
			isa = PBXGroup;
			children = (
				72753A3925A0B5410078E327 /* MemeMe */,
				72753A3825A0B5410078E327 /* Products */,
			);
			sourceTree = "<group>";
		};
		72753A3825A0B5410078E327 /* Products */ = {
			isa = PBXGroup;
			children = (
				72753A3725A0B5410078E327 /* MemeMe.app */,
			);
			name = Products;
			sourceTree = "<group>";
		};
		72753A3925A0B5410078E327 /* MemeMe */ = {
			isa = PBXGroup;
			children = (
				72753A3A25A0B5410078E327 /* AppDelegate.swift */,
				72753A3C25A0B5410078E327 /* SceneDelegate.swift */,
				72753A3E25A0B5410078E327 /* MemeEditorViewController.swift */,
				72753A4025A0B5420078E327 /* Main.storyboard */,
				72753A4325A0B55F0078E327 /* Assets.xcassets */,
				72753A4525A0B55F0078E327 /* LaunchScreen.storyboard */,
				72753A4825A0B55F0078E327 /* Info.plist */,
				72753A4F25A1F8FF0078E327 /* Meme.swift */,
				72753A5225A1FAEE0078E327 /* textFieldsDelegate.swift */,
				72753A8525A4B6E50078E327 /* TableViewController.swift */,
				72753A8825A4B7080078E327 /* CollectionViewController.swift */,
				72CCAA9325A68C9500F32BF6 /* BaseViewController.swift */,
				72753A8C25A5CAD60078E327 /* tableViewCell.swift */,
				72753A8F25A5EB9D0078E327 /* CollectionViewCell.swift */,
				72753A9325A60E130078E327 /* MemeDetailViewController.swift */,
			);
			path = MemeMe;
			sourceTree = "<group>";
		};
/* End PBXGroup section */

/* Begin PBXNativeTarget section */
		72753A3625A0B5410078E327 /* MemeMe */ = {
			isa = PBXNativeTarget;
			buildConfigurationList = 72753A4B25A0B55F0078E327 /* Build configuration list for PBXNativeTarget "MemeMe" */;
			buildPhases = (
				72753A3325A0B5410078E327 /* Sources */,
				72753A3425A0B5410078E327 /* Frameworks */,
				72753A3525A0B5410078E327 /* Resources */,
			);
			buildRules = (
			);
			dependencies = (
			);
			name = MemeMe;
			productName = MemeMe;
			productReference = 72753A3725A0B5410078E327 /* MemeMe.app */;
			productType = "com.apple.product-type.application";
		};
/* End PBXNativeTarget section */

/* Begin PBXProject section */
		72753A2F25A0B5410078E327 /* Project object */ = {
			isa = PBXProject;
			attributes = {
				LastSwiftUpdateCheck = 1230;
				LastUpgradeCheck = 1230;
				TargetAttributes = {
					72753A3625A0B5410078E327 = {
						CreatedOnToolsVersion = 12.3;
					};
				};
			};
			buildConfigurationList = 72753A3225A0B5410078E327 /* Build configuration list for PBXProject "MemeMe" */;
			compatibilityVersion = "Xcode 9.3";
			developmentRegion = en;
			hasScannedForEncodings = 0;
			knownRegions = (
				en,
				Base,
			);
			mainGroup = 72753A2E25A0B5410078E327;
			productRefGroup = 72753A3825A0B5410078E327 /* Products */;
			projectDirPath = "";
			projectRoot = "";
			targets = (
				72753A3625A0B5410078E327 /* MemeMe */,
			);
		};
/* End PBXProject section */

/* Begin PBXResourcesBuildPhase section */
		72753A3525A0B5410078E327 /* Resources */ = {
			isa = PBXResourcesBuildPhase;
			buildActionMask = 2147483647;
			files = (
				72753A4725A0B55F0078E327 /* LaunchScreen.storyboard in Resources */,
				72753A4425A0B55F0078E327 /* Assets.xcassets in Resources */,
				72753A4225A0B5420078E327 /* Main.storyboard in Resources */,
			);
			runOnlyForDeploymentPostprocessing = 0;
		};
/* End PBXResourcesBuildPhase section */

/* Begin PBXSourcesBuildPhase section */
		72753A3325A0B5410078E327 /* Sources */ = {
			isa = PBXSourcesBuildPhase;
			buildActionMask = 2147483647;
			files = (
				72753A3F25A0B5410078E327 /* MemeEditorViewController.swift in Sources */,
				72753A8D25A5CAD60078E327 /* tableViewCell.swift in Sources */,
				72CCAA9425A68C9500F32BF6 /* BaseViewController.swift in Sources */,
				72753A9025A5EB9D0078E327 /* CollectionViewCell.swift in Sources */,
				72753A8625A4B6E50078E327 /* TableViewController.swift in Sources */,
				72753A5025A1F9000078E327 /* Meme.swift in Sources */,
				72753A3B25A0B5410078E327 /* AppDelegate.swift in Sources */,
				72753A8925A4B7080078E327 /* CollectionViewController.swift in Sources */,
				72753A5325A1FAEE0078E327 /* textFieldsDelegate.swift in Sources */,
				72753A3D25A0B5410078E327 /* SceneDelegate.swift in Sources */,
				72753A9425A60E130078E327 /* MemeDetailViewController.swift in Sources */,
			);
			runOnlyForDeploymentPostprocessing = 0;
		};
/* End PBXSourcesBuildPhase section */

/* Begin PBXVariantGroup section */
		72753A4025A0B5420078E327 /* Main.storyboard */ = {
			isa = PBXVariantGroup;
			children = (
				72753A4125A0B5420078E327 /* Base */,
			);
			name = Main.storyboard;
			sourceTree = "<group>";
		};
		72753A4525A0B55F0078E327 /* LaunchScreen.storyboard */ = {
			isa = PBXVariantGroup;
			children = (
				72753A4625A0B55F0078E327 /* Base */,
			);
			name = LaunchScreen.storyboard;
			sourceTree = "<group>";
		};
/* End PBXVariantGroup section */

/* Begin XCBuildConfiguration section */
		72753A4925A0B55F0078E327 /* Debug */ = {
			isa = XCBuildConfiguration;
			buildSettings = {
				ALWAYS_SEARCH_USER_PATHS = NO;
				CLANG_ANALYZER_NONNULL = YES;
				CLANG_ANALYZER_NUMBER_OBJECT_CONVERSION = YES_AGGRESSIVE;
				CLANG_CXX_LANGUAGE_STANDARD = "gnu++14";
				CLANG_CXX_LIBRARY = "libc++";
				CLANG_ENABLE_MODULES = YES;
				CLANG_ENABLE_OBJC_ARC = YES;
				CLANG_ENABLE_OBJC_WEAK = YES;
				CLANG_WARN_BLOCK_CAPTURE_AUTORELEASING = YES;
				CLANG_WARN_BOOL_CONVERSION = YES;
				CLANG_WARN_COMMA = YES;
				CLANG_WARN_CONSTANT_CONVERSION = YES;
				CLANG_WARN_DEPRECATED_OBJC_IMPLEMENTATIONS = YES;
				CLANG_WARN_DIRECT_OBJC_ISA_USAGE = YES_ERROR;
				CLANG_WARN_DOCUMENTATION_COMMENTS = YES;
				CLANG_WARN_EMPTY_BODY = YES;
				CLANG_WARN_ENUM_CONVERSION = YES;
				CLANG_WARN_INFINITE_RECURSION = YES;
				CLANG_WARN_INT_CONVERSION = YES;
				CLANG_WARN_NON_LITERAL_NULL_CONVERSION = YES;
				CLANG_WARN_OBJC_IMPLICIT_RETAIN_SELF = YES;
				CLANG_WARN_OBJC_LITERAL_CONVERSION = YES;
				CLANG_WARN_OBJC_ROOT_CLASS = YES_ERROR;
				CLANG_WARN_QUOTED_INCLUDE_IN_FRAMEWORK_HEADER = YES;
				CLANG_WARN_RANGE_LOOP_ANALYSIS = YES;
				CLANG_WARN_STRICT_PROTOTYPES = YES;
				CLANG_WARN_SUSPICIOUS_MOVE = YES;
				CLANG_WARN_UNGUARDED_AVAILABILITY = YES_AGGRESSIVE;
				CLANG_WARN_UNREACHABLE_CODE = YES;
				CLANG_WARN__DUPLICATE_METHOD_MATCH = YES;
				COPY_PHASE_STRIP = NO;
				DEBUG_INFORMATION_FORMAT = dwarf;
				ENABLE_STRICT_OBJC_MSGSEND = YES;
				ENABLE_TESTABILITY = YES;
				GCC_C_LANGUAGE_STANDARD = gnu11;
				GCC_DYNAMIC_NO_PIC = NO;
				GCC_NO_COMMON_BLOCKS = YES;
				GCC_OPTIMIZATION_LEVEL = 0;
				GCC_PREPROCESSOR_DEFINITIONS = (
					"DEBUG=1",
					"$(inherited)",
				);
				GCC_WARN_64_TO_32_BIT_CONVERSION = YES;
				GCC_WARN_ABOUT_RETURN_TYPE = YES_ERROR;
				GCC_WARN_UNDECLARED_SELECTOR = YES;
				GCC_WARN_UNINITIALIZED_AUTOS = YES_AGGRESSIVE;
				GCC_WARN_UNUSED_FUNCTION = YES;
				GCC_WARN_UNUSED_VARIABLE = YES;
				IPHONEOS_DEPLOYMENT_TARGET = 14.3;
				MTL_ENABLE_DEBUG_INFO = INCLUDE_SOURCE;
				MTL_FAST_MATH = YES;
				ONLY_ACTIVE_ARCH = YES;
				SDKROOT = iphoneos;
				SWIFT_ACTIVE_COMPILATION_CONDITIONS = DEBUG;
				SWIFT_OPTIMIZATION_LEVEL = "-Onone";
			};
			name = Debug;
		};
		72753A4A25A0B55F0078E327 /* Release */ = {
			isa = XCBuildConfiguration;
			buildSettings = {
				ALWAYS_SEARCH_USER_PATHS = NO;
				CLANG_ANALYZER_NONNULL = YES;
				CLANG_ANALYZER_NUMBER_OBJECT_CONVERSION = YES_AGGRESSIVE;
				CLANG_CXX_LANGUAGE_STANDARD = "gnu++14";
				CLANG_CXX_LIBRARY = "libc++";
				CLANG_ENABLE_MODULES = YES;
				CLANG_ENABLE_OBJC_ARC = YES;
				CLANG_ENABLE_OBJC_WEAK = YES;
				CLANG_WARN_BLOCK_CAPTURE_AUTORELEASING = YES;
				CLANG_WARN_BOOL_CONVERSION = YES;
				CLANG_WARN_COMMA = YES;
				CLANG_WARN_CONSTANT_CONVERSION = YES;
				CLANG_WARN_DEPRECATED_OBJC_IMPLEMENTATIONS = YES;
				CLANG_WARN_DIRECT_OBJC_ISA_USAGE = YES_ERROR;
				CLANG_WARN_DOCUMENTATION_COMMENTS = YES;
				CLANG_WARN_EMPTY_BODY = YES;
				CLANG_WARN_ENUM_CONVERSION = YES;
				CLANG_WARN_INFINITE_RECURSION = YES;
				CLANG_WARN_INT_CONVERSION = YES;
				CLANG_WARN_NON_LITERAL_NULL_CONVERSION = YES;
				CLANG_WARN_OBJC_IMPLICIT_RETAIN_SELF = YES;
				CLANG_WARN_OBJC_LITERAL_CONVERSION = YES;
				CLANG_WARN_OBJC_ROOT_CLASS = YES_ERROR;
				CLANG_WARN_QUOTED_INCLUDE_IN_FRAMEWORK_HEADER = YES;
				CLANG_WARN_RANGE_LOOP_ANALYSIS = YES;
				CLANG_WARN_STRICT_PROTOTYPES = YES;
				CLANG_WARN_SUSPICIOUS_MOVE = YES;
				CLANG_WARN_UNGUARDED_AVAILABILITY = YES_AGGRESSIVE;
				CLANG_WARN_UNREACHABLE_CODE = YES;
				CLANG_WARN__DUPLICATE_METHOD_MATCH = YES;
				COPY_PHASE_STRIP = NO;
				DEBUG_INFORMATION_FORMAT = "dwarf-with-dsym";
				ENABLE_NS_ASSERTIONS = NO;
				ENABLE_STRICT_OBJC_MSGSEND = YES;
				GCC_C_LANGUAGE_STANDARD = gnu11;
				GCC_NO_COMMON_BLOCKS = YES;
				GCC_WARN_64_TO_32_BIT_CONVERSION = YES;
				GCC_WARN_ABOUT_RETURN_TYPE = YES_ERROR;
				GCC_WARN_UNDECLARED_SELECTOR = YES;
				GCC_WARN_UNINITIALIZED_AUTOS = YES_AGGRESSIVE;
				GCC_WARN_UNUSED_FUNCTION = YES;
				GCC_WARN_UNUSED_VARIABLE = YES;
				IPHONEOS_DEPLOYMENT_TARGET = 14.3;
				MTL_ENABLE_DEBUG_INFO = NO;
				MTL_FAST_MATH = YES;
				SDKROOT = iphoneos;
				SWIFT_COMPILATION_MODE = wholemodule;
				SWIFT_OPTIMIZATION_LEVEL = "-O";
				VALIDATE_PRODUCT = YES;
			};
			name = Release;
		};
		72753A4C25A0B55F0078E327 /* Debug */ = {
			isa = XCBuildConfiguration;
			buildSettings = {
				ASSETCATALOG_COMPILER_APPICON_NAME = AppIcon;
				ASSETCATALOG_COMPILER_GLOBAL_ACCENT_COLOR_NAME = AccentColor;
				CODE_SIGN_STYLE = Automatic;
				INFOPLIST_FILE = MemeMe/Info.plist;
				LD_RUNPATH_SEARCH_PATHS = (
					"$(inherited)",
					"@executable_path/Frameworks",
				);
				PRODUCT_BUNDLE_IDENTIFIER = "ASMA-SMAIL.MemeMe";
				PRODUCT_NAME = "$(TARGET_NAME)";
				SWIFT_VERSION = 5.0;
				TARGETED_DEVICE_FAMILY = "1,2";
			};
			name = Debug;
		};
		72753A4D25A0B55F0078E327 /* Release */ = {
			isa = XCBuildConfiguration;
			buildSettings = {
				ASSETCATALOG_COMPILER_APPICON_NAME = AppIcon;
				ASSETCATALOG_COMPILER_GLOBAL_ACCENT_COLOR_NAME = AccentColor;
				CODE_SIGN_STYLE = Automatic;
				INFOPLIST_FILE = MemeMe/Info.plist;
				LD_RUNPATH_SEARCH_PATHS = (
					"$(inherited)",
					"@executable_path/Frameworks",
				);
				PRODUCT_BUNDLE_IDENTIFIER = "ASMA-SMAIL.MemeMe";
				PRODUCT_NAME = "$(TARGET_NAME)";
				SWIFT_VERSION = 5.0;
				TARGETED_DEVICE_FAMILY = "1,2";
			};
			name = Release;
		};
/* End XCBuildConfiguration section */

/* Begin XCConfigurationList section */
		72753A3225A0B5410078E327 /* Build configuration list for PBXProject "MemeMe" */ = {
			isa = XCConfigurationList;
			buildConfigurations = (
				72753A4925A0B55F0078E327 /* Debug */,
				72753A4A25A0B55F0078E327 /* Release */,
			);
			defaultConfigurationIsVisible = 0;
			defaultConfigurationName = Release;
		};
		72753A4B25A0B55F0078E327 /* Build configuration list for PBXNativeTarget "MemeMe" */ = {
			isa = XCConfigurationList;
			buildConfigurations = (
				72753A4C25A0B55F0078E327 /* Debug */,
				72753A4D25A0B55F0078E327 /* Release */,
			);
			defaultConfigurationIsVisible = 0;
			defaultConfigurationName = Release;
		};
/* End XCConfigurationList section */
	};
	rootObject = 72753A2F25A0B5410078E327 /* Project object */;
}
